
Microsoft Visual Studio Solution File, Format Version 12.00
# Visual Studio 2015
Project("{FAE04EC0-301F-11D3-BF4B-00C04F79EFBC}") = "kadai04.Plugins", "kadai04.Plugins.csproj", "{CAC2F60D-2841-03DA-669C-EE612DEC831B}"
EndProject
Global
	GlobalSection(SolutionConfigurationPlatforms) = preSolution
		Debug|Any CPU = Debug|Any CPU
		Release|Any CPU = Release|Any CPU
	EndGlobalSection
	GlobalSection(ProjectConfigurationPlatforms) = postSolution
		{CAC2F60D-2841-03DA-669C-EE612DEC831B}.Debug|Any CPU.ActiveCfg = Debug|Any CPU
		{CAC2F60D-2841-03DA-669C-EE612DEC831B}.Debug|Any CPU.Build.0 = Debug|Any CPU
		{CAC2F60D-2841-03DA-669C-EE612DEC831B}.Release|Any CPU.ActiveCfg = Release|Any CPU
		{CAC2F60D-2841-03DA-669C-EE612DEC831B}.Release|Any CPU.Build.0 = Release|Any CPU
	EndGlobalSection
	GlobalSection(SolutionProperties) = preSolution
		HideSolutionNode = FALSE
	EndGlobalSection
EndGlobal
